
Microsoft Visual Studio Solution File, Format Version 12.00
# Visual Studio Version 16
VisualStudioVersion = 16.0.29215.179
MinimumVisualStudioVersion = 10.0.40219.1
Project("{FAE04EC0-301F-11D3-BF4B-00C04F79EFBC}") = "DesafioSofrecom", "DesafioSofrecom\DesafioSofrecom.csproj", "{BBB23D79-80AC-43F7-B797-033FA79528C1}"
EndProject
Project("{FAE04EC0-301F-11D3-BF4B-00C04F79EFBC}") = "PruebasMensajes", "PruebasMensajes\PruebasMensajes.csproj", "{A04264D3-B066-4491-9D26-4A49F229DEE9}"
EndProject
Global
	GlobalSection(SolutionConfigurationPlatforms) = preSolution
		Debug|Any CPU = Debug|Any CPU
		Release|Any CPU = Release|Any CPU
	EndGlobalSection
	GlobalSection(ProjectConfigurationPlatforms) = postSolution
		{BBB23D79-80AC-43F7-B797-033FA79528C1}.Debug|Any CPU.ActiveCfg = Debug|Any CPU
		{BBB23D79-80AC-43F7-B797-033FA79528C1}.Debug|Any CPU.Build.0 = Debug|Any CPU
		{BBB23D79-80AC-43F7-B797-033FA79528C1}.Release|Any CPU.ActiveCfg = Release|Any CPU
		{BBB23D79-80AC-43F7-B797-033FA79528C1}.Release|Any CPU.Build.0 = Release|Any CPU
		{A04264D3-B066-4491-9D26-4A49F229DEE9}.Debug|Any CPU.ActiveCfg = Debug|Any CPU
		{A04264D3-B066-4491-9D26-4A49F229DEE9}.Debug|Any CPU.Build.0 = Debug|Any CPU
		{A04264D3-B066-4491-9D26-4A49F229DEE9}.Release|Any CPU.ActiveCfg = Release|Any CPU
		{A04264D3-B066-4491-9D26-4A49F229DEE9}.Release|Any CPU.Build.0 = Release|Any CPU
	EndGlobalSection
	GlobalSection(SolutionProperties) = preSolution
		HideSolutionNode = FALSE
	EndGlobalSection
	GlobalSection(ExtensibilityGlobals) = postSolution
		SolutionGuid = {59C567FA-3277-4DB5-937A-44EEB006D7C4}
	EndGlobalSection
EndGlobal
